
Microsoft Visual Studio Solution File, Format Version 12.00
# Visual Studio Version 16
VisualStudioVersion = 16.0.31229.75
MinimumVisualStudioVersion = 10.0.40219.1
Project("{8BC9CEB8-8B4A-11D0-8D11-00A0C91BC942}") = "HW_1", "HW_1\HW_1.vcxproj", "{7E65B760-68EA-4678-8967-40158E1DBD02}"
EndProject
Global
	GlobalSection(SolutionConfigurationPlatforms) = preSolution
		Debug|x64 = Debug|x64
		Debug|x86 = Debug|x86
		Release|x64 = Release|x64
		Release|x86 = Release|x86
	EndGlobalSection
	GlobalSection(ProjectConfigurationPlatforms) = postSolution
		{7E65B760-68EA-4678-8967-40158E1DBD02}.Debug|x64.ActiveCfg = Debug|x64
		{7E65B760-68EA-4678-8967-40158E1DBD02}.Debug|x64.Build.0 = Debug|x64
		{7E65B760-68EA-4678-8967-40158E1DBD02}.Debug|x86.ActiveCfg = Debug|Win32
		{7E65B760-68EA-4678-8967-40158E1DBD02}.Debug|x86.Build.0 = Debug|Win32
		{7E65B760-68EA-4678-8967-40158E1DBD02}.Release|x64.ActiveCfg = Release|x64
		{7E65B760-68EA-4678-8967-40158E1DBD02}.Release|x64.Build.0 = Release|x64
		{7E65B760-68EA-4678-8967-40158E1DBD02}.Release|x86.ActiveCfg = Release|Win32
		{7E65B760-68EA-4678-8967-40158E1DBD02}.Release|x86.Build.0 = Release|Win32
	EndGlobalSection
	GlobalSection(SolutionProperties) = preSolution
		HideSolutionNode = FALSE
	EndGlobalSection
	GlobalSection(ExtensibilityGlobals) = postSolution
		SolutionGuid = {E0347E1E-AD3B-4FA9-83C9-A608E697BFAC}
	EndGlobalSection
EndGlobal
